
Microsoft Visual Studio Solution File, Format Version 12.00
# Visual Studio 15
VisualStudioVersion = 15.0.28307.106
MinimumVisualStudioVersion = 10.0.40219.1
Project("{FAE04EC0-301F-11D3-BF4B-00C04F79EFBC}") = "QuartzExample", "QuartzExample\QuartzExample.csproj", "{F601D097-8841-46AA-9FF3-C012E1DF064E}"
EndProject
Global
	GlobalSection(SolutionConfigurationPlatforms) = preSolution
		Debug|Any CPU = Debug|Any CPU
		Release|Any CPU = Release|Any CPU
	EndGlobalSection
	GlobalSection(ProjectConfigurationPlatforms) = postSolution
		{F601D097-8841-46AA-9FF3-C012E1DF064E}.Debug|Any CPU.ActiveCfg = Debug|Any CPU
		{F601D097-8841-46AA-9FF3-C012E1DF064E}.Debug|Any CPU.Build.0 = Debug|Any CPU
		{F601D097-8841-46AA-9FF3-C012E1DF064E}.Release|Any CPU.ActiveCfg = Release|Any CPU
		{F601D097-8841-46AA-9FF3-C012E1DF064E}.Release|Any CPU.Build.0 = Release|Any CPU
	EndGlobalSection
	GlobalSection(SolutionProperties) = preSolution
		HideSolutionNode = FALSE
	EndGlobalSection
	GlobalSection(ExtensibilityGlobals) = postSolution
		SolutionGuid = {C026AB84-8296-4A82-B480-A2A82D0E2920}
	EndGlobalSection
EndGlobal
